
Microsoft Visual Studio Solution File, Format Version 12.00
# Visual Studio 14
VisualStudioVersion = 14.0.23107.0
MinimumVisualStudioVersion = 10.0.40219.1
Project("{FAE04EC0-301F-11D3-BF4B-00C04F79EFBC}") = "StringSplosion", "StringSplosion\StringSplosion.csproj", "{6BA5A498-0144-4084-A80A-52C8829E0DFF}"
EndProject
Project("{FAE04EC0-301F-11D3-BF4B-00C04F79EFBC}") = "StringSplosionTests", "StringSplosionTests\StringSplosionTests.csproj", "{3DFD8E43-0FF3-4369-814B-3D0BC9A0BE6E}"
EndProject
Global
	GlobalSection(SolutionConfigurationPlatforms) = preSolution
		Debug|Any CPU = Debug|Any CPU
		Release|Any CPU = Release|Any CPU
	EndGlobalSection
	GlobalSection(ProjectConfigurationPlatforms) = postSolution
		{6BA5A498-0144-4084-A80A-52C8829E0DFF}.Debug|Any CPU.ActiveCfg = Debug|Any CPU
		{6BA5A498-0144-4084-A80A-52C8829E0DFF}.Debug|Any CPU.Build.0 = Debug|Any CPU
		{6BA5A498-0144-4084-A80A-52C8829E0DFF}.Release|Any CPU.ActiveCfg = Release|Any CPU
		{6BA5A498-0144-4084-A80A-52C8829E0DFF}.Release|Any CPU.Build.0 = Release|Any CPU
		{3DFD8E43-0FF3-4369-814B-3D0BC9A0BE6E}.Debug|Any CPU.ActiveCfg = Debug|Any CPU
		{3DFD8E43-0FF3-4369-814B-3D0BC9A0BE6E}.Debug|Any CPU.Build.0 = Debug|Any CPU
		{3DFD8E43-0FF3-4369-814B-3D0BC9A0BE6E}.Release|Any CPU.ActiveCfg = Release|Any CPU
		{3DFD8E43-0FF3-4369-814B-3D0BC9A0BE6E}.Release|Any CPU.Build.0 = Release|Any CPU
	EndGlobalSection
	GlobalSection(SolutionProperties) = preSolution
		HideSolutionNode = FALSE
	EndGlobalSection
EndGlobal
