
Microsoft Visual Studio Solution File, Format Version 12.00
# Visual Studio 14
VisualStudioVersion = 14.0.23107.0
MinimumVisualStudioVersion = 10.0.40219.1
Project("{FAE04EC0-301F-11D3-BF4B-00C04F79EFBC}") = "DoubleX", "DoubleX\DoubleX.csproj", "{8C5B14A6-BF31-4FE5-B277-EA2F656878D1}"
EndProject
Project("{FAE04EC0-301F-11D3-BF4B-00C04F79EFBC}") = "DoubleXTests", "DoubleXTests\DoubleXTests.csproj", "{3CB8CCBC-67D5-470E-B0D0-8165E2934048}"
EndProject
Global
	GlobalSection(SolutionConfigurationPlatforms) = preSolution
		Debug|Any CPU = Debug|Any CPU
		Release|Any CPU = Release|Any CPU
	EndGlobalSection
	GlobalSection(ProjectConfigurationPlatforms) = postSolution
		{8C5B14A6-BF31-4FE5-B277-EA2F656878D1}.Debug|Any CPU.ActiveCfg = Debug|Any CPU
		{8C5B14A6-BF31-4FE5-B277-EA2F656878D1}.Debug|Any CPU.Build.0 = Debug|Any CPU
		{8C5B14A6-BF31-4FE5-B277-EA2F656878D1}.Release|Any CPU.ActiveCfg = Release|Any CPU
		{8C5B14A6-BF31-4FE5-B277-EA2F656878D1}.Release|Any CPU.Build.0 = Release|Any CPU
		{3CB8CCBC-67D5-470E-B0D0-8165E2934048}.Debug|Any CPU.ActiveCfg = Debug|Any CPU
		{3CB8CCBC-67D5-470E-B0D0-8165E2934048}.Debug|Any CPU.Build.0 = Debug|Any CPU
		{3CB8CCBC-67D5-470E-B0D0-8165E2934048}.Release|Any CPU.ActiveCfg = Release|Any CPU
		{3CB8CCBC-67D5-470E-B0D0-8165E2934048}.Release|Any CPU.Build.0 = Release|Any CPU
	EndGlobalSection
	GlobalSection(SolutionProperties) = preSolution
		HideSolutionNode = FALSE
	EndGlobalSection
EndGlobal
