
Microsoft Visual Studio Solution File, Format Version 12.00
# Visual Studio 14
VisualStudioVersion = 14.0.23107.0
MinimumVisualStudioVersion = 10.0.40219.1
Project("{FAE04EC0-301F-11D3-BF4B-00C04F79EFBC}") = "CountXX", "CountXX\CountXX.csproj", "{8CFD1051-D168-4EF0-8239-D08F8E9C050A}"
EndProject
Project("{FAE04EC0-301F-11D3-BF4B-00C04F79EFBC}") = "CountXXTests", "CountXXTests\CountXXTests.csproj", "{A374BFF3-8097-4D81-86FA-3987EF776211}"
EndProject
Global
	GlobalSection(SolutionConfigurationPlatforms) = preSolution
		Debug|Any CPU = Debug|Any CPU
		Release|Any CPU = Release|Any CPU
	EndGlobalSection
	GlobalSection(ProjectConfigurationPlatforms) = postSolution
		{8CFD1051-D168-4EF0-8239-D08F8E9C050A}.Debug|Any CPU.ActiveCfg = Debug|Any CPU
		{8CFD1051-D168-4EF0-8239-D08F8E9C050A}.Debug|Any CPU.Build.0 = Debug|Any CPU
		{8CFD1051-D168-4EF0-8239-D08F8E9C050A}.Release|Any CPU.ActiveCfg = Release|Any CPU
		{8CFD1051-D168-4EF0-8239-D08F8E9C050A}.Release|Any CPU.Build.0 = Release|Any CPU
		{A374BFF3-8097-4D81-86FA-3987EF776211}.Debug|Any CPU.ActiveCfg = Debug|Any CPU
		{A374BFF3-8097-4D81-86FA-3987EF776211}.Debug|Any CPU.Build.0 = Debug|Any CPU
		{A374BFF3-8097-4D81-86FA-3987EF776211}.Release|Any CPU.ActiveCfg = Release|Any CPU
		{A374BFF3-8097-4D81-86FA-3987EF776211}.Release|Any CPU.Build.0 = Release|Any CPU
	EndGlobalSection
	GlobalSection(SolutionProperties) = preSolution
		HideSolutionNode = FALSE
	EndGlobalSection
EndGlobal
