
Microsoft Visual Studio Solution File, Format Version 12.00
# Visual Studio 14
VisualStudioVersion = 14.0.23107.0
MinimumVisualStudioVersion = 10.0.40219.1
Project("{FAE04EC0-301F-11D3-BF4B-00C04F79EFBC}") = "ArrayFront9", "ArrayFront9\ArrayFront9.csproj", "{D91A2BB9-9E85-43B0-B06B-7FF72B10BE8C}"
EndProject
Project("{FAE04EC0-301F-11D3-BF4B-00C04F79EFBC}") = "ArrayFront9Tests", "ArrayFront9Tests\ArrayFront9Tests.csproj", "{6E1079C9-A039-4420-8D1B-C8D8659873EF}"
EndProject
Global
	GlobalSection(SolutionConfigurationPlatforms) = preSolution
		Debug|Any CPU = Debug|Any CPU
		Release|Any CPU = Release|Any CPU
	EndGlobalSection
	GlobalSection(ProjectConfigurationPlatforms) = postSolution
		{D91A2BB9-9E85-43B0-B06B-7FF72B10BE8C}.Debug|Any CPU.ActiveCfg = Debug|Any CPU
		{D91A2BB9-9E85-43B0-B06B-7FF72B10BE8C}.Debug|Any CPU.Build.0 = Debug|Any CPU
		{D91A2BB9-9E85-43B0-B06B-7FF72B10BE8C}.Release|Any CPU.ActiveCfg = Release|Any CPU
		{D91A2BB9-9E85-43B0-B06B-7FF72B10BE8C}.Release|Any CPU.Build.0 = Release|Any CPU
		{6E1079C9-A039-4420-8D1B-C8D8659873EF}.Debug|Any CPU.ActiveCfg = Debug|Any CPU
		{6E1079C9-A039-4420-8D1B-C8D8659873EF}.Debug|Any CPU.Build.0 = Debug|Any CPU
		{6E1079C9-A039-4420-8D1B-C8D8659873EF}.Release|Any CPU.ActiveCfg = Release|Any CPU
		{6E1079C9-A039-4420-8D1B-C8D8659873EF}.Release|Any CPU.Build.0 = Release|Any CPU
	EndGlobalSection
	GlobalSection(SolutionProperties) = preSolution
		HideSolutionNode = FALSE
	EndGlobalSection
EndGlobal
